PODS:
  - Capacitor (7.0.1):
    - CapacitorCordova
  - CapacitorBrowser (7.0.0):
    - Capacitor
  - CapacitorCommunityFileOpener (7.0.1):
    - Capacitor
  - CapacitorCordova (7.0.1)
  - CapacitorFilesystem (7.0.0):
    - Capacitor
  - CapacitorShare (7.0.0):
    - Capacitor
  - CapawesomeTeamCapacitorFileOpener (7.0.1):
    - Capacitor

DEPENDENCIES:
  - "Capacitor (from `../../node_modules/@capacitor/ios`)"
  - "CapacitorBrowser (from `../../node_modules/@capacitor/browser`)"
  - "CapacitorCommunityFileOpener (from `../../node_modules/@capacitor-community/file-opener`)"
  - "CapacitorCordova (from `../../node_modules/@capacitor/ios`)"
  - "CapacitorFilesystem (from `../../node_modules/@capacitor/filesystem`)"
  - "CapacitorShare (from `../../node_modules/@capacitor/share`)"
  - "CapawesomeTeamCapacitorFileOpener (from `../../node_modules/@capawesome-team/capacitor-file-opener`)"

EXTERNAL SOURCES:
  Capacitor:
    :path: "../../node_modules/@capacitor/ios"
  CapacitorBrowser:
    :path: "../../node_modules/@capacitor/browser"
  CapacitorCommunityFileOpener:
    :path: "../../node_modules/@capacitor-community/file-opener"
  CapacitorCordova:
    :path: "../../node_modules/@capacitor/ios"
  CapacitorFilesystem:
    :path: "../../node_modules/@capacitor/filesystem"
  CapacitorShare:
    :path: "../../node_modules/@capacitor/share"
  CapawesomeTeamCapacitorFileOpener:
    :path: "../../node_modules/@capawesome-team/capacitor-file-opener"

SPEC CHECKSUMS:
  Capacitor: de199cba6c8b20995428ad0b7cb0bc6ca625ffd4
  CapacitorBrowser: 55c21db47416dcc8fc3b623e18fd7d09acb26081
  CapacitorCommunityFileOpener: 97362898506cf0a4194639f6fc05276af607191c
  CapacitorCordova: 63d476958d5022d76f197031e8b7ea3519988c64
  CapacitorFilesystem: 59a2b7b56a897c6a3de4d04c5718e1d80de9d2f5
  CapacitorShare: d94c53d7656f1ce8f6712ae8d19ab0c18a69259f
  CapawesomeTeamCapacitorFileOpener: ae3340a148c8947dda81ed2a8a600988667909b3

PODFILE CHECKSUM: d8781bef98358fec7a9dc2dd3bccdd8c2f407277

COCOAPODS: 1.16.2
